
Microsoft Visual Studio Solution File, Format Version 12.00
# Visual Studio 2013
VisualStudioVersion = 12.0.31101.0
MinimumVisualStudioVersion = 10.0.40219.1
Project("{FAE04EC0-301F-11D3-BF4B-00C04F79EFBC}") = "MediaSystem-Persistency", "MediaSystem-Persistency\MediaSystem-Persistency.csproj", "{77B7541F-E1B4-4797-B58D-D64F016854CC}"
EndProject
Project("{FAE04EC0-301F-11D3-BF4B-00C04F79EFBC}") = "MediaTest", "MediaTest\MediaTest.csproj", "{C42DF75B-EBBA-419D-8B12-DE70ED830BDE}"
EndProject
Global
	GlobalSection(TeamFoundationVersionControl) = preSolution
		SccNumberOfProjects = 3
		SccEnterpriseProvider = {4CA58AB2-18FA-4F8D-95D4-32DDF27D184C}
		SccTeamFoundationServer = https://uwois.visualstudio.com/defaultcollection
		SccLocalPath0 = .
		SccProjectUniqueName1 = MediaSystem-Persistency\\MediaSystem-Persistency.csproj
		SccProjectName1 = MediaSystem-Persistency
		SccLocalPath1 = MediaSystem-Persistency
		SccProjectUniqueName2 = MediaTest\\MediaTest.csproj
		SccProjectName2 = MediaTest
		SccLocalPath2 = MediaTest
	EndGlobalSection
	GlobalSection(SolutionConfigurationPlatforms) = preSolution
		Debug|Any CPU = Debug|Any CPU
		Release|Any CPU = Release|Any CPU
	EndGlobalSection
	GlobalSection(ProjectConfigurationPlatforms) = postSolution
		{77B7541F-E1B4-4797-B58D-D64F016854CC}.Debug|Any CPU.ActiveCfg = Debug|Any CPU
		{77B7541F-E1B4-4797-B58D-D64F016854CC}.Debug|Any CPU.Build.0 = Debug|Any CPU
		{77B7541F-E1B4-4797-B58D-D64F016854CC}.Release|Any CPU.ActiveCfg = Release|Any CPU
		{77B7541F-E1B4-4797-B58D-D64F016854CC}.Release|Any CPU.Build.0 = Release|Any CPU
		{C42DF75B-EBBA-419D-8B12-DE70ED830BDE}.Debug|Any CPU.ActiveCfg = Debug|Any CPU
		{C42DF75B-EBBA-419D-8B12-DE70ED830BDE}.Debug|Any CPU.Build.0 = Debug|Any CPU
		{C42DF75B-EBBA-419D-8B12-DE70ED830BDE}.Release|Any CPU.ActiveCfg = Release|Any CPU
		{C42DF75B-EBBA-419D-8B12-DE70ED830BDE}.Release|Any CPU.Build.0 = Release|Any CPU
	EndGlobalSection
	GlobalSection(SolutionProperties) = preSolution
		HideSolutionNode = FALSE
	EndGlobalSection
EndGlobal
